
Microsoft Visual Studio Solution File, Format Version 12.00
# Visual Studio Version 16
VisualStudioVersion = 16.0.30503.244
MinimumVisualStudioVersion = 10.0.40219.1
Project("{FAE04EC0-301F-11D3-BF4B-00C04F79EFBC}") = "Wpf_KG", "Wpf_KG\Wpf_KG.csproj", "{FF1A2DC1-599C-4002-8BAA-10D68E16866D}"
EndProject
Global
	GlobalSection(SolutionConfigurationPlatforms) = preSolution
		Debug|Any CPU = Debug|Any CPU
		Release|Any CPU = Release|Any CPU
	EndGlobalSection
	GlobalSection(ProjectConfigurationPlatforms) = postSolution
		{FF1A2DC1-599C-4002-8BAA-10D68E16866D}.Debug|Any CPU.ActiveCfg = Debug|Any CPU
		{FF1A2DC1-599C-4002-8BAA-10D68E16866D}.Debug|Any CPU.Build.0 = Debug|Any CPU
		{FF1A2DC1-599C-4002-8BAA-10D68E16866D}.Release|Any CPU.ActiveCfg = Release|Any CPU
		{FF1A2DC1-599C-4002-8BAA-10D68E16866D}.Release|Any CPU.Build.0 = Release|Any CPU
	EndGlobalSection
	GlobalSection(SolutionProperties) = preSolution
		HideSolutionNode = FALSE
	EndGlobalSection
	GlobalSection(ExtensibilityGlobals) = postSolution
		SolutionGuid = {3F31DFA1-A8F8-4FAC-B11B-F5F34F364E85}
	EndGlobalSection
EndGlobal
